{
    "_meta": {
        "hash": {
            "sha256": "c007a5a29dc732af52a2ff0270ac9f3dac57044a6e4e4f1ce68fc08f31eb5b53"
        },
        "pipfile-spec": 6,
        "requires": {
            "python_version": "3.7"
        },
        "sources": [
            {
                "name": "pypi",
                "url": "https://pypi.org/simple",
                "verify_ssl": true
            }
        ]
    },
    "default": {
        "ccapi": {
            "git": "https://github.com/stcstores/ccapi.git",
            "ref": "395341bd6ec4250125b26c6573dafd503b014c46"
        },
        "e1839a8": {
            "editable": true,
            "path": "."
        }
    },
    "develop": {}
}
